
Microsoft Visual Studio Solution File, Format Version 12.00
# Visual Studio Version 17
VisualStudioVersion = 17.14.36915.13 d17.14
MinimumVisualStudioVersion = 10.0.40219.1
Project("{FAE04EC0-301F-11D3-BF4B-00C04F79EFBC}") = "Palindrome_Numbers", "Palindrome_Numbers.csproj", "{AEC5DDE5-18AD-4EE9-A035-F4F3B26E07CC}"
EndProject
Global
	GlobalSection(SolutionConfigurationPlatforms) = preSolution
		Debug|Any CPU = Debug|Any CPU
		Release|Any CPU = Release|Any CPU
	EndGlobalSection
	GlobalSection(ProjectConfigurationPlatforms) = postSolution
		{AEC5DDE5-18AD-4EE9-A035-F4F3B26E07CC}.Debug|Any CPU.ActiveCfg = Debug|Any CPU
		{AEC5DDE5-18AD-4EE9-A035-F4F3B26E07CC}.Debug|Any CPU.Build.0 = Debug|Any CPU
		{AEC5DDE5-18AD-4EE9-A035-F4F3B26E07CC}.Release|Any CPU.ActiveCfg = Release|Any CPU
		{AEC5DDE5-18AD-4EE9-A035-F4F3B26E07CC}.Release|Any CPU.Build.0 = Release|Any CPU
	EndGlobalSection
	GlobalSection(SolutionProperties) = preSolution
		HideSolutionNode = FALSE
	EndGlobalSection
	GlobalSection(ExtensibilityGlobals) = postSolution
		SolutionGuid = {24C8D80A-E7CA-42CA-9C0B-80583EE33883}
	EndGlobalSection
EndGlobal
